// !$*UTF8*$!
{
	archiveVersion = 1;
	classes = {
	};
	objectVersion = 50;
	objects = {

/* Begin PBXBuildFile section */
		38217F7A221713D100DD9BA4 /* GoogleService-Info.plist in Resources */ = {isa = PBXBuildFile; fileRef = 38217F79221713D100DD9BA4 /* GoogleService-Info.plist */; };
		385BA5602216F1430080B263 /* AppDelegate.swift in Sources */ = {isa = PBXBuildFile; fileRef = 385BA55F2216F1430080B263 /* AppDelegate.swift */; };
		385BA5672216F1440080B263 /* Assets.xcassets in Resources */ = {isa = PBXBuildFile; fileRef = 385BA5662216F1440080B263 /* Assets.xcassets */; };
		385BA56A2216F1440080B263 /* LaunchScreen.storyboard in Resources */ = {isa = PBXBuildFile; fileRef = 385BA5682216F1440080B263 /* LaunchScreen.storyboard */; };
		385BA5722216F1630080B263 /* README.md in Resources */ = {isa = PBXBuildFile; fileRef = 385BA5712216F1630080B263 /* README.md */; };
		385BA5742216F2870080B263 /* .gitignore in Resources */ = {isa = PBXBuildFile; fileRef = 385BA5732216F2870080B263 /* .gitignore */; };
		385BA57C2216F3B10080B263 /* Main.storyboard in Resources */ = {isa = PBXBuildFile; fileRef = 385BA57B2216F3B10080B263 /* Main.storyboard */; };
		385BA5822216F9880080B263 /* Colors.xcassets in Resources */ = {isa = PBXBuildFile; fileRef = 385BA5812216F9880080B263 /* Colors.xcassets */; };
		38895D062216FF0C001BF80B /* BooksViewController.swift in Sources */ = {isa = PBXBuildFile; fileRef = 38895D052216FF0C001BF80B /* BooksViewController.swift */; };
		38895D0822170F5F001BF80B /* BookCollectionViewCell.swift in Sources */ = {isa = PBXBuildFile; fileRef = 38895D0722170F5F001BF80B /* BookCollectionViewCell.swift */; };
		C5A88CE669F84A9AD9B02933 /* Pods_Books_App.framework in Frameworks */ = {isa = PBXBuildFile; fileRef = 2D5BA24E1288E00A2B56513B /* Pods_Books_App.framework */; };
/* End PBXBuildFile section */

/* Begin PBXFileReference section */
		2D5BA24E1288E00A2B56513B /* Pods_Books_App.framework */ = {isa = PBXFileReference; explicitFileType = wrapper.framework; includeInIndex = 0; path = Pods_Books_App.framework; sourceTree = BUILT_PRODUCTS_DIR; };
		38217F79221713D100DD9BA4 /* GoogleService-Info.plist */ = {isa = PBXFileReference; fileEncoding = 4; lastKnownFileType = text.plist.xml; path = "GoogleService-Info.plist"; sourceTree = "<group>"; };
		385BA55C2216F1430080B263 /* Books App.app */ = {isa = PBXFileReference; explicitFileType = wrapper.application; includeInIndex = 0; path = "Books App.app"; sourceTree = BUILT_PRODUCTS_DIR; };
		385BA55F2216F1430080B263 /* AppDelegate.swift */ = {isa = PBXFileReference; lastKnownFileType = sourcecode.swift; path = AppDelegate.swift; sourceTree = "<group>"; };
		385BA5662216F1440080B263 /* Assets.xcassets */ = {isa = PBXFileReference; lastKnownFileType = folder.assetcatalog; path = Assets.xcassets; sourceTree = "<group>"; };
		385BA5692216F1440080B263 /* Base */ = {isa = PBXFileReference; lastKnownFileType = file.storyboard; name = Base; path = Base.lproj/LaunchScreen.storyboard; sourceTree = "<group>"; };
		385BA56B2216F1440080B263 /* Info.plist */ = {isa = PBXFileReference; lastKnownFileType = text.plist.xml; path = Info.plist; sourceTree = "<group>"; };
		385BA5712216F1630080B263 /* README.md */ = {isa = PBXFileReference; lastKnownFileType = net.daringfireball.markdown; path = README.md; sourceTree = "<group>"; };
		385BA5732216F2870080B263 /* .gitignore */ = {isa = PBXFileReference; lastKnownFileType = text; path = .gitignore; sourceTree = "<group>"; };
		385BA57B2216F3B10080B263 /* Main.storyboard */ = {isa = PBXFileReference; lastKnownFileType = file.storyboard; path = Main.storyboard; sourceTree = "<group>"; };
		385BA57E2216F47C0080B263 /* Development.xcconfig */ = {isa = PBXFileReference; lastKnownFileType = text.xcconfig; path = Development.xcconfig; sourceTree = "<group>"; };
		385BA5812216F9880080B263 /* Colors.xcassets */ = {isa = PBXFileReference; lastKnownFileType = folder.assetcatalog; path = Colors.xcassets; sourceTree = "<group>"; };
		38895D052216FF0C001BF80B /* BooksViewController.swift */ = {isa = PBXFileReference; lastKnownFileType = sourcecode.swift; path = BooksViewController.swift; sourceTree = "<group>"; };
		38895D0722170F5F001BF80B /* BookCollectionViewCell.swift */ = {isa = PBXFileReference; lastKnownFileType = sourcecode.swift; path = BookCollectionViewCell.swift; sourceTree = "<group>"; };
		C4FB3F7950B01DBE37C8ACD9 /* Pods-Books App.release.xcconfig */ = {isa = PBXFileReference; includeInIndex = 1; lastKnownFileType = text.xcconfig; name = "Pods-Books App.release.xcconfig"; path = "Pods/Target Support Files/Pods-Books App/Pods-Books App.release.xcconfig"; sourceTree = "<group>"; };
/* End PBXFileReference section */

/* Begin PBXFrameworksBuildPhase section */
		385BA5592216F1430080B263 /* Frameworks */ = {
			isa = PBXFrameworksBuildPhase;
			buildActionMask = 2147483647;
			files = (
				C5A88CE669F84A9AD9B02933 /* Pods_Books_App.framework in Frameworks */,
			);
			runOnlyForDeploymentPostprocessing = 0;
		};
/* End PBXFrameworksBuildPhase section */

/* Begin PBXGroup section */
		38217F7B221714BE00DD9BA4 /* Model */ = {
			isa = PBXGroup;
			children = (
			);
			path = Model;
			sourceTree = "<group>";
		};
		38217F7C221714E700DD9BA4 /* ModelViewModel */ = {
			isa = PBXGroup;
			children = (
			);
			path = ModelViewModel;
			sourceTree = "<group>";
		};
		38217F7D221714F300DD9BA4 /* Controller */ = {
			isa = PBXGroup;
			children = (
			);
			path = Controller;
			sourceTree = "<group>";
		};
		385BA5532216F1430080B263 = {
			isa = PBXGroup;
			children = (
				385BA57E2216F47C0080B263 /* Development.xcconfig */,
				385BA5732216F2870080B263 /* .gitignore */,
				385BA5712216F1630080B263 /* README.md */,
				385BA55E2216F1430080B263 /* Books App */,
				385BA55D2216F1430080B263 /* Products */,
				CC3ED9D5E285CF90744AAFD6 /* Pods */,
				44EEE8471004D1AE40829CBB /* Frameworks */,
			);
			sourceTree = "<group>";
		};
		385BA55D2216F1430080B263 /* Products */ = {
			isa = PBXGroup;
			children = (
				385BA55C2216F1430080B263 /* Books App.app */,
			);
			name = Products;
			sourceTree = "<group>";
		};
		385BA55E2216F1430080B263 /* Books App */ = {
			isa = PBXGroup;
			children = (
				385BA5782216F3360080B263 /* Base */,
				385BA5772216F32C0080B263 /* Application */,
				385BA5762216F3220080B263 /* Resources */,
				385BA5752216F2F80080B263 /* Config */,
			);
			path = "Books App";
			sourceTree = "<group>";
		};
		385BA5752216F2F80080B263 /* Config */ = {
			isa = PBXGroup;
			children = (
			);
			path = Config;
			sourceTree = "<group>";
		};
		385BA5762216F3220080B263 /* Resources */ = {
			isa = PBXGroup;
			children = (
				385BA5802216F9740080B263 /* Colors */,
				385BA5792216F3850080B263 /* Images */,
			);
			path = Resources;
			sourceTree = "<group>";
		};
		385BA5772216F32C0080B263 /* Application */ = {
			isa = PBXGroup;
			children = (
				385BA57F2216F83D0080B263 /* Add */,
				385BA57A2216F3980080B263 /* Main */,
			);
			path = Application;
			sourceTree = "<group>";
		};
		385BA5782216F3360080B263 /* Base */ = {
			isa = PBXGroup;
			children = (
				385BA55F2216F1430080B263 /* AppDelegate.swift */,
				385BA5682216F1440080B263 /* LaunchScreen.storyboard */,
				385BA56B2216F1440080B263 /* Info.plist */,
				38217F79221713D100DD9BA4 /* GoogleService-Info.plist */,
			);
			path = Base;
			sourceTree = "<group>";
		};
		385BA5792216F3850080B263 /* Images */ = {
			isa = PBXGroup;
			children = (
				385BA5662216F1440080B263 /* Assets.xcassets */,
			);
			path = Images;
			sourceTree = "<group>";
		};
		385BA57A2216F3980080B263 /* Main */ = {
			isa = PBXGroup;
			children = (
				38217F7D221714F300DD9BA4 /* Controller */,
				38217F7C221714E700DD9BA4 /* ModelViewModel */,
				38217F7B221714BE00DD9BA4 /* Model */,
				385BA57B2216F3B10080B263 /* Main.storyboard */,
				38895D052216FF0C001BF80B /* BooksViewController.swift */,
				38895D0722170F5F001BF80B /* BookCollectionViewCell.swift */,
			);
			path = Main;
			sourceTree = "<group>";
		};
		385BA57F2216F83D0080B263 /* Add */ = {
			isa = PBXGroup;
			children = (
			);
			path = Add;
			sourceTree = "<group>";
		};
		385BA5802216F9740080B263 /* Colors */ = {
			isa = PBXGroup;
			children = (
				385BA5812216F9880080B263 /* Colors.xcassets */,
			);
			path = Colors;
			sourceTree = "<group>";
		};
		44EEE8471004D1AE40829CBB /* Frameworks */ = {
			isa = PBXGroup;
			children = (
				2D5BA24E1288E00A2B56513B /* Pods_Books_App.framework */,
			);
			name = Frameworks;
			sourceTree = "<group>";
		};
		CC3ED9D5E285CF90744AAFD6 /* Pods */ = {
			isa = PBXGroup;
			children = (
				C4FB3F7950B01DBE37C8ACD9 /* Pods-Books App.release.xcconfig */,
			);
			name = Pods;
			sourceTree = "<group>";
		};
/* End PBXGroup section */

/* Begin PBXNativeTarget section */
		385BA55B2216F1430080B263 /* Books App */ = {
			isa = PBXNativeTarget;
			buildConfigurationList = 385BA56E2216F1440080B263 /* Build configuration list for PBXNativeTarget "Books App" */;
			buildPhases = (
				E52B38ED042D5946EB3B61DC /* [CP] Check Pods Manifest.lock */,
				385BA5582216F1430080B263 /* Sources */,
				385BA5592216F1430080B263 /* Frameworks */,
				385BA55A2216F1430080B263 /* Resources */,
				2E9F69DEACBB0594F7289AF7 /* [CP] Embed Pods Frameworks */,
			);
			buildRules = (
			);
			dependencies = (
			);
			name = "Books App";
			productName = "Books App";
			productReference = 385BA55C2216F1430080B263 /* Books App.app */;
			productType = "com.apple.product-type.application";
		};
/* End PBXNativeTarget section */

/* Begin PBXProject section */
		385BA5542216F1430080B263 /* Project object */ = {
			isa = PBXProject;
			attributes = {
				LastSwiftUpdateCheck = 1010;
				LastUpgradeCheck = 1010;
				ORGANIZATIONNAME = "Alfredo Villagomez";
				TargetAttributes = {
					385BA55B2216F1430080B263 = {
						CreatedOnToolsVersion = 10.1;
					};
				};
			};
			buildConfigurationList = 385BA5572216F1430080B263 /* Build configuration list for PBXProject "Books App" */;
			compatibilityVersion = "Xcode 9.3";
			developmentRegion = en;
			hasScannedForEncodings = 0;
			knownRegions = (
				en,
				Base,
			);
			mainGroup = 385BA5532216F1430080B263;
			productRefGroup = 385BA55D2216F1430080B263 /* Products */;
			projectDirPath = "";
			projectRoot = "";
			targets = (
				385BA55B2216F1430080B263 /* Books App */,
			);
		};
/* End PBXProject section */

/* Begin PBXResourcesBuildPhase section */
		385BA55A2216F1430080B263 /* Resources */ = {
			isa = PBXResourcesBuildPhase;
			buildActionMask = 2147483647;
			files = (
				385BA5742216F2870080B263 /* .gitignore in Resources */,
				385BA56A2216F1440080B263 /* LaunchScreen.storyboard in Resources */,
				385BA5672216F1440080B263 /* Assets.xcassets in Resources */,
				385BA5822216F9880080B263 /* Colors.xcassets in Resources */,
				385BA57C2216F3B10080B263 /* Main.storyboard in Resources */,
				385BA5722216F1630080B263 /* README.md in Resources */,
				38217F7A221713D100DD9BA4 /* GoogleService-Info.plist in Resources */,
			);
			runOnlyForDeploymentPostprocessing = 0;
		};
/* End PBXResourcesBuildPhase section */

/* Begin PBXShellScriptBuildPhase section */
		2E9F69DEACBB0594F7289AF7 /* [CP] Embed Pods Frameworks */ = {
			isa = PBXShellScriptBuildPhase;
			buildActionMask = 2147483647;
			files = (
			);
			inputFileListPaths = (
			);
			inputPaths = (
				"${SRCROOT}/Pods/Target Support Files/Pods-Books App/Pods-Books App-frameworks.sh",
				"${BUILT_PRODUCTS_DIR}/BoringSSL-GRPC/openssl_grpc.framework",
				"${BUILT_PRODUCTS_DIR}/GoogleUtilities/GoogleUtilities.framework",
				"${BUILT_PRODUCTS_DIR}/Protobuf/Protobuf.framework",
				"${BUILT_PRODUCTS_DIR}/gRPC-C++/grpcpp.framework",
				"${BUILT_PRODUCTS_DIR}/gRPC-Core/grpc.framework",
				"${BUILT_PRODUCTS_DIR}/leveldb-library/leveldb.framework",
				"${BUILT_PRODUCTS_DIR}/nanopb/nanopb.framework",
			);
			name = "[CP] Embed Pods Frameworks";
			outputFileListPaths = (
			);
			outputPaths = (
				"${TARGET_BUILD_DIR}/${FRAMEWORKS_FOLDER_PATH}/openssl_grpc.framework",
				"${TARGET_BUILD_DIR}/${FRAMEWORKS_FOLDER_PATH}/GoogleUtilities.framework",
				"${TARGET_BUILD_DIR}/${FRAMEWORKS_FOLDER_PATH}/Protobuf.framework",
				"${TARGET_BUILD_DIR}/${FRAMEWORKS_FOLDER_PATH}/grpcpp.framework",
				"${TARGET_BUILD_DIR}/${FRAMEWORKS_FOLDER_PATH}/grpc.framework",
				"${TARGET_BUILD_DIR}/${FRAMEWORKS_FOLDER_PATH}/leveldb.framework",
				"${TARGET_BUILD_DIR}/${FRAMEWORKS_FOLDER_PATH}/nanopb.framework",
			);
			runOnlyForDeploymentPostprocessing = 0;
			shellPath = /bin/sh;
			shellScript = "\"${SRCROOT}/Pods/Target Support Files/Pods-Books App/Pods-Books App-frameworks.sh\"\n";
			showEnvVarsInLog = 0;
		};
		E52B38ED042D5946EB3B61DC /* [CP] Check Pods Manifest.lock */ = {
			isa = PBXShellScriptBuildPhase;
			buildActionMask = 2147483647;
			files = (
			);
			inputFileListPaths = (
			);
			inputPaths = (
				"${PODS_PODFILE_DIR_PATH}/Podfile.lock",
				"${PODS_ROOT}/Manifest.lock",
			);
			name = "[CP] Check Pods Manifest.lock";
			outputFileListPaths = (
			);
			outputPaths = (
				"$(DERIVED_FILE_DIR)/Pods-Books App-checkManifestLockResult.txt",
			);
			runOnlyForDeploymentPostprocessing = 0;
			shellPath = /bin/sh;
			shellScript = "diff \"${PODS_PODFILE_DIR_PATH}/Podfile.lock\" \"${PODS_ROOT}/Manifest.lock\" > /dev/null\nif [ $? != 0 ] ; then\n    # print error to STDERR\n    echo \"error: The sandbox is not in sync with the Podfile.lock. Run 'pod install' or update your CocoaPods installation.\" >&2\n    exit 1\nfi\n# This output is used by Xcode 'outputs' to avoid re-running this script phase.\necho \"SUCCESS\" > \"${SCRIPT_OUTPUT_FILE_0}\"\n";
			showEnvVarsInLog = 0;
		};
/* End PBXShellScriptBuildPhase section */

/* Begin PBXSourcesBuildPhase section */
		385BA5582216F1430080B263 /* Sources */ = {
			isa = PBXSourcesBuildPhase;
			buildActionMask = 2147483647;
			files = (
				38895D0822170F5F001BF80B /* BookCollectionViewCell.swift in Sources */,
				385BA5602216F1430080B263 /* AppDelegate.swift in Sources */,
				38895D062216FF0C001BF80B /* BooksViewController.swift in Sources */,
			);
			runOnlyForDeploymentPostprocessing = 0;
		};
/* End PBXSourcesBuildPhase section */

/* Begin PBXVariantGroup section */
		385BA5682216F1440080B263 /* LaunchScreen.storyboard */ = {
			isa = PBXVariantGroup;
			children = (
				385BA5692216F1440080B263 /* Base */,
			);
			name = LaunchScreen.storyboard;
			sourceTree = "<group>";
		};
/* End PBXVariantGroup section */

/* Begin XCBuildConfiguration section */
		385BA56C2216F1440080B263 /* Debug */ = {
			isa = XCBuildConfiguration;
			baseConfigurationReference = 385BA57E2216F47C0080B263 /* Development.xcconfig */;
			buildSettings = {
				ALWAYS_SEARCH_USER_PATHS = NO;
				CLANG_ANALYZER_NONNULL = YES;
				CLANG_ANALYZER_NUMBER_OBJECT_CONVERSION = YES_AGGRESSIVE;
				CLANG_CXX_LANGUAGE_STANDARD = "gnu++14";
				CLANG_CXX_LIBRARY = "libc++";
				CLANG_ENABLE_MODULES = YES;
				CLANG_ENABLE_OBJC_ARC = YES;
				CLANG_ENABLE_OBJC_WEAK = YES;
				CLANG_WARN_BLOCK_CAPTURE_AUTORELEASING = YES;
				CLANG_WARN_BOOL_CONVERSION = YES;
				CLANG_WARN_COMMA = YES;
				CLANG_WARN_CONSTANT_CONVERSION = YES;
				CLANG_WARN_DEPRECATED_OBJC_IMPLEMENTATIONS = YES;
				CLANG_WARN_DIRECT_OBJC_ISA_USAGE = YES_ERROR;
				CLANG_WARN_DOCUMENTATION_COMMENTS = YES;
				CLANG_WARN_EMPTY_BODY = YES;
				CLANG_WARN_ENUM_CONVERSION = YES;
				CLANG_WARN_INFINITE_RECURSION = YES;
				CLANG_WARN_INT_CONVERSION = YES;
				CLANG_WARN_NON_LITERAL_NULL_CONVERSION = YES;
				CLANG_WARN_OBJC_IMPLICIT_RETAIN_SELF = YES;
				CLANG_WARN_OBJC_LITERAL_CONVERSION = YES;
				CLANG_WARN_OBJC_ROOT_CLASS = YES_ERROR;
				CLANG_WARN_RANGE_LOOP_ANALYSIS = YES;
				CLANG_WARN_STRICT_PROTOTYPES = YES;
				CLANG_WARN_SUSPICIOUS_MOVE = YES;
				CLANG_WARN_UNGUARDED_AVAILABILITY = YES_AGGRESSIVE;
				CLANG_WARN_UNREACHABLE_CODE = YES;
				CLANG_WARN__DUPLICATE_METHOD_MATCH = YES;
				CODE_SIGN_IDENTITY = "iPhone Developer";
				COPY_PHASE_STRIP = NO;
				DEBUG_INFORMATION_FORMAT = dwarf;
				ENABLE_STRICT_OBJC_MSGSEND = YES;
				ENABLE_TESTABILITY = YES;
				GCC_C_LANGUAGE_STANDARD = gnu11;
				GCC_DYNAMIC_NO_PIC = NO;
				GCC_NO_COMMON_BLOCKS = YES;
				GCC_OPTIMIZATION_LEVEL = 0;
				GCC_PREPROCESSOR_DEFINITIONS = (
					"DEBUG=1",
					"$(inherited)",
				);
				GCC_WARN_64_TO_32_BIT_CONVERSION = YES;
				GCC_WARN_ABOUT_RETURN_TYPE = YES_ERROR;
				GCC_WARN_UNDECLARED_SELECTOR = YES;
				GCC_WARN_UNINITIALIZED_AUTOS = YES_AGGRESSIVE;
				GCC_WARN_UNUSED_FUNCTION = YES;
				GCC_WARN_UNUSED_VARIABLE = YES;
				IPHONEOS_DEPLOYMENT_TARGET = 12.1;
				MTL_ENABLE_DEBUG_INFO = INCLUDE_SOURCE;
				MTL_FAST_MATH = YES;
				ONLY_ACTIVE_ARCH = YES;
				SDKROOT = iphoneos;
				SWIFT_ACTIVE_COMPILATION_CONDITIONS = DEBUG;
				SWIFT_OPTIMIZATION_LEVEL = "-Onone";
			};
			name = Debug;
		};
		385BA56D2216F1440080B263 /* Release */ = {
			isa = XCBuildConfiguration;
			buildSettings = {
				ALWAYS_SEARCH_USER_PATHS = NO;
				CLANG_ANALYZER_NONNULL = YES;
				CLANG_ANALYZER_NUMBER_OBJECT_CONVERSION = YES_AGGRESSIVE;
				CLANG_CXX_LANGUAGE_STANDARD = "gnu++14";
				CLANG_CXX_LIBRARY = "libc++";
				CLANG_ENABLE_MODULES = YES;
				CLANG_ENABLE_OBJC_ARC = YES;
				CLANG_ENABLE_OBJC_WEAK = YES;
				CLANG_WARN_BLOCK_CAPTURE_AUTORELEASING = YES;
				CLANG_WARN_BOOL_CONVERSION = YES;
				CLANG_WARN_COMMA = YES;
				CLANG_WARN_CONSTANT_CONVERSION = YES;
				CLANG_WARN_DEPRECATED_OBJC_IMPLEMENTATIONS = YES;
				CLANG_WARN_DIRECT_OBJC_ISA_USAGE = YES_ERROR;
				CLANG_WARN_DOCUMENTATION_COMMENTS = YES;
				CLANG_WARN_EMPTY_BODY = YES;
				CLANG_WARN_ENUM_CONVERSION = YES;
				CLANG_WARN_INFINITE_RECURSION = YES;
				CLANG_WARN_INT_CONVERSION = YES;
				CLANG_WARN_NON_LITERAL_NULL_CONVERSION = YES;
				CLANG_WARN_OBJC_IMPLICIT_RETAIN_SELF = YES;
				CLANG_WARN_OBJC_LITERAL_CONVERSION = YES;
				CLANG_WARN_OBJC_ROOT_CLASS = YES_ERROR;
				CLANG_WARN_RANGE_LOOP_ANALYSIS = YES;
				CLANG_WARN_STRICT_PROTOTYPES = YES;
				CLANG_WARN_SUSPICIOUS_MOVE = YES;
				CLANG_WARN_UNGUARDED_AVAILABILITY = YES_AGGRESSIVE;
				CLANG_WARN_UNREACHABLE_CODE = YES;
				CLANG_WARN__DUPLICATE_METHOD_MATCH = YES;
				CODE_SIGN_IDENTITY = "iPhone Developer";
				COPY_PHASE_STRIP = NO;
				DEBUG_INFORMATION_FORMAT = "dwarf-with-dsym";
				ENABLE_NS_ASSERTIONS = NO;
				ENABLE_STRICT_OBJC_MSGSEND = YES;
				GCC_C_LANGUAGE_STANDARD = gnu11;
				GCC_NO_COMMON_BLOCKS = YES;
				GCC_WARN_64_TO_32_BIT_CONVERSION = YES;
				GCC_WARN_ABOUT_RETURN_TYPE = YES_ERROR;
				GCC_WARN_UNDECLARED_SELECTOR = YES;
				GCC_WARN_UNINITIALIZED_AUTOS = YES_AGGRESSIVE;
				GCC_WARN_UNUSED_FUNCTION = YES;
				GCC_WARN_UNUSED_VARIABLE = YES;
				IPHONEOS_DEPLOYMENT_TARGET = 12.1;
				MTL_ENABLE_DEBUG_INFO = NO;
				MTL_FAST_MATH = YES;
				SDKROOT = iphoneos;
				SWIFT_COMPILATION_MODE = wholemodule;
				SWIFT_OPTIMIZATION_LEVEL = "-O";
				VALIDATE_PRODUCT = YES;
			};
			name = Release;
		};
		385BA56F2216F1440080B263 /* Debug */ = {
			isa = XCBuildConfiguration;
			baseConfigurationReference = 385BA57E2216F47C0080B263 /* Development.xcconfig */;
			buildSettings = {
				ASSETCATALOG_COMPILER_APPICON_NAME = AppIcon;
				CODE_SIGN_STYLE = Automatic;
				DEVELOPMENT_TEAM = 5E99QS6RV6;
				INFOPLIST_FILE = "$(SRCROOT)/Books App/Base/Info.plist";
				LD_RUNPATH_SEARCH_PATHS = (
					"$(inherited)",
					"@executable_path/Frameworks",
				);
				PRODUCT_BUNDLE_IDENTIFIER = "website.alfredo.Books-App";
				PRODUCT_NAME = "$(TARGET_NAME)";
				SWIFT_VERSION = 4.2;
				TARGETED_DEVICE_FAMILY = "1,2";
			};
			name = Debug;
		};
		385BA5702216F1440080B263 /* Release */ = {
			isa = XCBuildConfiguration;
			baseConfigurationReference = C4FB3F7950B01DBE37C8ACD9 /* Pods-Books App.release.xcconfig */;
			buildSettings = {
				ASSETCATALOG_COMPILER_APPICON_NAME = AppIcon;
				CODE_SIGN_STYLE = Automatic;
				DEVELOPMENT_TEAM = 5E99QS6RV6;
				INFOPLIST_FILE = "$(SRCROOT)/Books App/Base/Info.plist";
				LD_RUNPATH_SEARCH_PATHS = (
					"$(inherited)",
					"@executable_path/Frameworks",
				);
				PRODUCT_BUNDLE_IDENTIFIER = "website.alfredo.Books-App";
				PRODUCT_NAME = "$(TARGET_NAME)";
				SWIFT_VERSION = 4.2;
				TARGETED_DEVICE_FAMILY = "1,2";
			};
			name = Release;
		};
/* End XCBuildConfiguration section */

/* Begin XCConfigurationList section */
		385BA5572216F1430080B263 /* Build configuration list for PBXProject "Books App" */ = {
			isa = XCConfigurationList;
			buildConfigurations = (
				385BA56C2216F1440080B263 /* Debug */,
				385BA56D2216F1440080B263 /* Release */,
			);
			defaultConfigurationIsVisible = 0;
			defaultConfigurationName = Release;
		};
		385BA56E2216F1440080B263 /* Build configuration list for PBXNativeTarget "Books App" */ = {
			isa = XCConfigurationList;
			buildConfigurations = (
				385BA56F2216F1440080B263 /* Debug */,
				385BA5702216F1440080B263 /* Release */,
			);
			defaultConfigurationIsVisible = 0;
			defaultConfigurationName = Release;
		};
/* End XCConfigurationList section */
	};
	rootObject = 385BA5542216F1430080B263 /* Project object */;
}
